
Microsoft Visual Studio Solution File, Format Version 12.00
# Visual Studio 14
VisualStudioVersion = 14.0.25420.1
MinimumVisualStudioVersion = 10.0.40219.1
Project("{FAE04EC0-301F-11D3-BF4B-00C04F79EFBC}") = "test 1", "test 1\test 1.csproj", "{EDBD0DEB-CD84-4300-976F-06410D87179D}"
EndProject
Global
	GlobalSection(SolutionConfigurationPlatforms) = preSolution
		Debug|Any CPU = Debug|Any CPU
		Release|Any CPU = Release|Any CPU
	EndGlobalSection
	GlobalSection(ProjectConfigurationPlatforms) = postSolution
		{EDBD0DEB-CD84-4300-976F-06410D87179D}.Debug|Any CPU.ActiveCfg = Debug|Any CPU
		{EDBD0DEB-CD84-4300-976F-06410D87179D}.Debug|Any CPU.Build.0 = Debug|Any CPU
		{EDBD0DEB-CD84-4300-976F-06410D87179D}.Release|Any CPU.ActiveCfg = Release|Any CPU
		{EDBD0DEB-CD84-4300-976F-06410D87179D}.Release|Any CPU.Build.0 = Release|Any CPU
	EndGlobalSection
	GlobalSection(SolutionProperties) = preSolution
		HideSolutionNode = FALSE
	EndGlobalSection
EndGlobal
